// !$*UTF8*$!
{
	archiveVersion = 1;
	classes = {
	};
	objectVersion = 50;
	objects = {

/* Begin PBXBuildFile section */
		184EA9A42B7A373300D0981D /* main.mm in Sources */ = {isa = PBXBuildFile; fileRef = 187886422B51976B00E48B28 /* main.mm */; };
		184EA9A52B7A373300D0981D /* utils.mm in Sources */ = {isa = PBXBuildFile; fileRef = 18C50C652B6D2D5D00793FA9 /* utils.mm */; };
		184EA9A72B7A373300D0981D /* CFNetwork.framework in Frameworks */ = {isa = PBXBuildFile; fileRef = 187886532B519B1600E48B28 /* CFNetwork.framework */; };
		184EA9A82B7A373300D0981D /* CoreServices.framework in Frameworks */ = {isa = PBXBuildFile; fileRef = 18C50C7B2B6DFD8000793FA9 /* CoreServices.framework */; };
		184EA9A92B7A373300D0981D /* GCDWebServers.framework in Frameworks */ = {isa = PBXBuildFile; fileRef = 18C50C772B6DFD5500793FA9 /* GCDWebServers.framework */; };
		184EA9AA2B7A373300D0981D /* libz.tbd in Frameworks */ = {isa = PBXBuildFile; fileRef = 18C50C792B6DFD6000793FA9 /* libz.tbd */; };
		184EA9AB2B7A373300D0981D /* IOKit.tbd in Frameworks */ = {isa = PBXBuildFile; fileRef = 18C50C632B6CE41800793FA9 /* IOKit.tbd */; };
		184EA9AC2B7A373300D0981D /* UIKit.framework in Frameworks */ = {isa = PBXBuildFile; fileRef = 1878864E2B5199EC00E48B28 /* UIKit.framework */; };
		184EA9AD2B7A373300D0981D /* UserNotifications.framework in Frameworks */ = {isa = PBXBuildFile; fileRef = 184FE8032B70BE8100525080 /* UserNotifications.framework */; };
		184EA9AF2B7A373300D0981D /* www in Resources */ = {isa = PBXBuildFile; fileRef = 187886522B519A5B00E48B28 /* www */; };
		184EA9B02B7A373300D0981D /* Assets.xcassets in Resources */ = {isa = PBXBuildFile; fileRef = 1878863C2B51976B00E48B28 /* Assets.xcassets */; };
		184EA9B12B7A373300D0981D /* LaunchScreen.storyboard in Resources */ = {isa = PBXBuildFile; fileRef = 1878863E2B51976B00E48B28 /* LaunchScreen.storyboard */; };
		184EA9B22B7A373300D0981D /* Main.storyboard in Resources */ = {isa = PBXBuildFile; fileRef = 187886392B51976A00E48B28 /* Main.storyboard */; };
		184FE8042B70BE8100525080 /* UserNotifications.framework in Frameworks */ = {isa = PBXBuildFile; fileRef = 184FE8032B70BE8100525080 /* UserNotifications.framework */; };
		1860F2C42B5809510094AAC8 /* www in Resources */ = {isa = PBXBuildFile; fileRef = 187886522B519A5B00E48B28 /* www */; };
		1870F5FD2B83B8F100B3660F /* GraphicsServices.tbd in Frameworks */ = {isa = PBXBuildFile; fileRef = 1870F5FC2B83B8F100B3660F /* GraphicsServices.tbd */; };
		1870F5FE2B83B8F100B3660F /* GraphicsServices.tbd in Frameworks */ = {isa = PBXBuildFile; fileRef = 1870F5FC2B83B8F100B3660F /* GraphicsServices.tbd */; };
		1878863B2B51976A00E48B28 /* Main.storyboard in Resources */ = {isa = PBXBuildFile; fileRef = 187886392B51976A00E48B28 /* Main.storyboard */; };
		1878863D2B51976B00E48B28 /* Assets.xcassets in Resources */ = {isa = PBXBuildFile; fileRef = 1878863C2B51976B00E48B28 /* Assets.xcassets */; };
		187886402B51976B00E48B28 /* LaunchScreen.storyboard in Resources */ = {isa = PBXBuildFile; fileRef = 1878863E2B51976B00E48B28 /* LaunchScreen.storyboard */; };
		187886432B51976B00E48B28 /* main.mm in Sources */ = {isa = PBXBuildFile; fileRef = 187886422B51976B00E48B28 /* main.mm */; };
		187886542B519B1600E48B28 /* CFNetwork.framework in Frameworks */ = {isa = PBXBuildFile; fileRef = 187886532B519B1600E48B28 /* CFNetwork.framework */; };
		187886552B519B2100E48B28 /* UIKit.framework in Frameworks */ = {isa = PBXBuildFile; fileRef = 1878864E2B5199EC00E48B28 /* UIKit.framework */; };
		18C50C642B6CE41800793FA9 /* IOKit.tbd in Frameworks */ = {isa = PBXBuildFile; fileRef = 18C50C632B6CE41800793FA9 /* IOKit.tbd */; };
		18C50C662B6D2D5D00793FA9 /* utils.mm in Sources */ = {isa = PBXBuildFile; fileRef = 18C50C652B6D2D5D00793FA9 /* utils.mm */; };
		18C50C782B6DFD5500793FA9 /* GCDWebServers.framework in Frameworks */ = {isa = PBXBuildFile; fileRef = 18C50C772B6DFD5500793FA9 /* GCDWebServers.framework */; };
		18C50C7A2B6DFD6000793FA9 /* libz.tbd in Frameworks */ = {isa = PBXBuildFile; fileRef = 18C50C792B6DFD6000793FA9 /* libz.tbd */; };
		18C50C7C2B6DFD8000793FA9 /* CoreServices.framework in Frameworks */ = {isa = PBXBuildFile; fileRef = 18C50C7B2B6DFD8000793FA9 /* CoreServices.framework */; };
		18D0C42F2B7FC64F006A7AB7 /* BackBoardServices.tbd in Frameworks */ = {isa = PBXBuildFile; fileRef = 18D0C42E2B7FC64F006A7AB7 /* BackBoardServices.tbd */; };
		18D0C4302B7FC64F006A7AB7 /* BackBoardServices.tbd in Frameworks */ = {isa = PBXBuildFile; fileRef = 18D0C42E2B7FC64F006A7AB7 /* BackBoardServices.tbd */; };
		18EEB6F82B7BCAA100DCC561 /* splash.png in Resources */ = {isa = PBXBuildFile; fileRef = 18EEB6F72B7BCAA100DCC561 /* splash.png */; };
/* End PBXBuildFile section */

/* Begin PBXFileReference section */
		18497C5D2B541D6100A6C5E3 /* md-trollstore */ = {isa = PBXFileReference; lastKnownFileType = text.script.sh; path = "md-trollstore"; sourceTree = "<group>"; };
		18497C5E2B541D8000A6C5E3 /* ChargeLimiter.entitlements */ = {isa = PBXFileReference; lastKnownFileType = text.plist.entitlements; path = ChargeLimiter.entitlements; sourceTree = "<group>"; };
		184EA9B72B7A373300D0981D /* ChargeLimiter.app */ = {isa = PBXFileReference; explicitFileType = wrapper.application; includeInIndex = 0; path = ChargeLimiter.app; sourceTree = BUILT_PRODUCTS_DIR; };
		184FE8032B70BE8100525080 /* UserNotifications.framework */ = {isa = PBXFileReference; lastKnownFileType = wrapper.framework; name = UserNotifications.framework; path = System/Library/Frameworks/UserNotifications.framework; sourceTree = SDKROOT; };
		1870F5FC2B83B8F100B3660F /* GraphicsServices.tbd */ = {isa = PBXFileReference; fileEncoding = 4; lastKnownFileType = "sourcecode.text-based-dylib-definition"; path = GraphicsServices.tbd; sourceTree = "<group>"; };
		1878862D2B51976A00E48B28 /* ChargeLimiter.app */ = {isa = PBXFileReference; explicitFileType = wrapper.application; includeInIndex = 0; path = ChargeLimiter.app; sourceTree = BUILT_PRODUCTS_DIR; };
		1878863A2B51976A00E48B28 /* Base */ = {isa = PBXFileReference; lastKnownFileType = file.storyboard; name = Base; path = Base.lproj/Main.storyboard; sourceTree = "<group>"; };
		1878863C2B51976B00E48B28 /* Assets.xcassets */ = {isa = PBXFileReference; lastKnownFileType = folder.assetcatalog; path = Assets.xcassets; sourceTree = "<group>"; };
		1878863F2B51976B00E48B28 /* Base */ = {isa = PBXFileReference; lastKnownFileType = file.storyboard; name = Base; path = Base.lproj/LaunchScreen.storyboard; sourceTree = "<group>"; };
		187886412B51976B00E48B28 /* Info.plist */ = {isa = PBXFileReference; lastKnownFileType = text.plist.xml; path = Info.plist; sourceTree = "<group>"; };
		187886422B51976B00E48B28 /* main.mm */ = {isa = PBXFileReference; lastKnownFileType = sourcecode.cpp.objcpp; path = main.mm; sourceTree = "<group>"; };
		1878864E2B5199EC00E48B28 /* UIKit.framework */ = {isa = PBXFileReference; lastKnownFileType = wrapper.framework; name = UIKit.framework; path = System/Library/Frameworks/UIKit.framework; sourceTree = SDKROOT; };
		187886522B519A5B00E48B28 /* www */ = {isa = PBXFileReference; lastKnownFileType = folder; path = www; sourceTree = "<group>"; };
		187886532B519B1600E48B28 /* CFNetwork.framework */ = {isa = PBXFileReference; lastKnownFileType = wrapper.framework; name = CFNetwork.framework; path = System/Library/Frameworks/CFNetwork.framework; sourceTree = SDKROOT; };
		187BEA1F2B6A5F6100BD5C8F /* Package */ = {isa = PBXFileReference; lastKnownFileType = folder; path = Package; sourceTree = "<group>"; };
		1899585D2B81A77800C93B46 /* MessageUI.framework */ = {isa = PBXFileReference; lastKnownFileType = wrapper.framework; name = MessageUI.framework; path = System/Library/Frameworks/MessageUI.framework; sourceTree = SDKROOT; };
		18B757232B57FDB2008A67D1 /* Readme.md */ = {isa = PBXFileReference; lastKnownFileType = net.daringfireball.markdown; path = Readme.md; sourceTree = "<group>"; };
		18C50C632B6CE41800793FA9 /* IOKit.tbd */ = {isa = PBXFileReference; fileEncoding = 4; lastKnownFileType = "sourcecode.text-based-dylib-definition"; path = IOKit.tbd; sourceTree = "<group>"; };
		18C50C652B6D2D5D00793FA9 /* utils.mm */ = {isa = PBXFileReference; lastKnownFileType = sourcecode.cpp.objcpp; path = utils.mm; sourceTree = "<group>"; };
		18C50C672B6D2D6E00793FA9 /* utils.h */ = {isa = PBXFileReference; lastKnownFileType = sourcecode.c.h; path = utils.h; sourceTree = "<group>"; };
		18C50C772B6DFD5500793FA9 /* GCDWebServers.framework */ = {isa = PBXFileReference; lastKnownFileType = wrapper.framework; name = GCDWebServers.framework; path = ../../../../../opt/framework/GCDWebServers.framework; sourceTree = "<group>"; };
		18C50C792B6DFD6000793FA9 /* libz.tbd */ = {isa = PBXFileReference; lastKnownFileType = "sourcecode.text-based-dylib-definition"; name = libz.tbd; path = usr/lib/libz.tbd; sourceTree = SDKROOT; };
		18C50C7B2B6DFD8000793FA9 /* CoreServices.framework */ = {isa = PBXFileReference; lastKnownFileType = wrapper.framework; name = CoreServices.framework; path = System/Library/Frameworks/CoreServices.framework; sourceTree = SDKROOT; };
		18D0C42E2B7FC64F006A7AB7 /* BackBoardServices.tbd */ = {isa = PBXFileReference; fileEncoding = 4; lastKnownFileType = "sourcecode.text-based-dylib-definition"; path = BackBoardServices.tbd; sourceTree = "<group>"; };
		18D0C4312B807280006A7AB7 /* Package */ = {isa = PBXFileReference; lastKnownFileType = text; name = Package; path = ChargeLimiter_rootless/Package; sourceTree = SOURCE_ROOT; };
		18EEB6F72B7BCAA100DCC561 /* splash.png */ = {isa = PBXFileReference; lastKnownFileType = image.png; path = splash.png; sourceTree = "<group>"; };
/* End PBXFileReference section */

/* Begin PBXFrameworksBuildPhase section */
		184EA9A62B7A373300D0981D /* Frameworks */ = {
			isa = PBXFrameworksBuildPhase;
			buildActionMask = 2147483647;
			files = (
				184EA9A72B7A373300D0981D /* CFNetwork.framework in Frameworks */,
				184EA9A82B7A373300D0981D /* CoreServices.framework in Frameworks */,
				18D0C4302B7FC64F006A7AB7 /* BackBoardServices.tbd in Frameworks */,
				184EA9A92B7A373300D0981D /* GCDWebServers.framework in Frameworks */,
				1870F5FE2B83B8F100B3660F /* GraphicsServices.tbd in Frameworks */,
				184EA9AA2B7A373300D0981D /* libz.tbd in Frameworks */,
				184EA9AB2B7A373300D0981D /* IOKit.tbd in Frameworks */,
				184EA9AC2B7A373300D0981D /* UIKit.framework in Frameworks */,
				184EA9AD2B7A373300D0981D /* UserNotifications.framework in Frameworks */,
			);
			runOnlyForDeploymentPostprocessing = 0;
		};
		1878862A2B51976A00E48B28 /* Frameworks */ = {
			isa = PBXFrameworksBuildPhase;
			buildActionMask = 2147483647;
			files = (
				187886542B519B1600E48B28 /* CFNetwork.framework in Frameworks */,
				18C50C7C2B6DFD8000793FA9 /* CoreServices.framework in Frameworks */,
				18D0C42F2B7FC64F006A7AB7 /* BackBoardServices.tbd in Frameworks */,
				18C50C782B6DFD5500793FA9 /* GCDWebServers.framework in Frameworks */,
				1870F5FD2B83B8F100B3660F /* GraphicsServices.tbd in Frameworks */,
				18C50C7A2B6DFD6000793FA9 /* libz.tbd in Frameworks */,
				18C50C642B6CE41800793FA9 /* IOKit.tbd in Frameworks */,
				187886552B519B2100E48B28 /* UIKit.framework in Frameworks */,
				184FE8042B70BE8100525080 /* UserNotifications.framework in Frameworks */,
			);
			runOnlyForDeploymentPostprocessing = 0;
		};
/* End PBXFrameworksBuildPhase section */

/* Begin PBXGroup section */
		187886242B51976A00E48B28 = {
			isa = PBXGroup;
			children = (
				18B757232B57FDB2008A67D1 /* Readme.md */,
				18497C5D2B541D6100A6C5E3 /* md-trollstore */,
				18EEB6F72B7BCAA100DCC561 /* splash.png */,
				187886522B519A5B00E48B28 /* www */,
				1878862F2B51976A00E48B28 /* ChargeLimiter */,
				1878862E2B51976A00E48B28 /* Products */,
				187886492B5199D800E48B28 /* Frameworks */,
			);
			sourceTree = "<group>";
		};
		1878862E2B51976A00E48B28 /* Products */ = {
			isa = PBXGroup;
			children = (
				1878862D2B51976A00E48B28 /* ChargeLimiter.app */,
				184EA9B72B7A373300D0981D /* ChargeLimiter.app */,
			);
			name = Products;
			sourceTree = "<group>";
		};
		1878862F2B51976A00E48B28 /* ChargeLimiter */ = {
			isa = PBXGroup;
			children = (
				187BEA1F2B6A5F6100BD5C8F /* Package */,
				18D0C4312B807280006A7AB7 /* Package */,
				18497C5E2B541D8000A6C5E3 /* ChargeLimiter.entitlements */,
				187886392B51976A00E48B28 /* Main.storyboard */,
				1878863E2B51976B00E48B28 /* LaunchScreen.storyboard */,
				1878863C2B51976B00E48B28 /* Assets.xcassets */,
				187886412B51976B00E48B28 /* Info.plist */,
				187886422B51976B00E48B28 /* main.mm */,
				18C50C632B6CE41800793FA9 /* IOKit.tbd */,
				18D0C42E2B7FC64F006A7AB7 /* BackBoardServices.tbd */,
				1870F5FC2B83B8F100B3660F /* GraphicsServices.tbd */,
				18C50C652B6D2D5D00793FA9 /* utils.mm */,
				18C50C672B6D2D6E00793FA9 /* utils.h */,
			);
			path = ChargeLimiter;
			sourceTree = "<group>";
		};
		187886492B5199D800E48B28 /* Frameworks */ = {
			isa = PBXGroup;
			children = (
				1899585D2B81A77800C93B46 /* MessageUI.framework */,
				184FE8032B70BE8100525080 /* UserNotifications.framework */,
				18C50C7B2B6DFD8000793FA9 /* CoreServices.framework */,
				18C50C792B6DFD6000793FA9 /* libz.tbd */,
				18C50C772B6DFD5500793FA9 /* GCDWebServers.framework */,
				187886532B519B1600E48B28 /* CFNetwork.framework */,
				1878864E2B5199EC00E48B28 /* UIKit.framework */,
			);
			name = Frameworks;
			sourceTree = "<group>";
		};
/* End PBXGroup section */

/* Begin PBXNativeTarget section */
		184EA9A22B7A373300D0981D /* ChargeLimiter_rootless */ = {
			isa = PBXNativeTarget;
			buildConfigurationList = 184EA9B42B7A373300D0981D /* Build configuration list for PBXNativeTarget "ChargeLimiter_rootless" */;
			buildPhases = (
				184EA9A32B7A373300D0981D /* Sources */,
				184EA9A62B7A373300D0981D /* Frameworks */,
				184EA9AE2B7A373300D0981D /* Resources */,
				184EA9B32B7A373300D0981D /* ShellScript */,
			);
			buildRules = (
			);
			dependencies = (
			);
			name = ChargeLimiter_rootless;
			productName = ChargeLimiter;
			productReference = 184EA9B72B7A373300D0981D /* ChargeLimiter.app */;
			productType = "com.apple.product-type.application";
		};
		1878862C2B51976A00E48B28 /* ChargeLimiter */ = {
			isa = PBXNativeTarget;
			buildConfigurationList = 187886462B51976B00E48B28 /* Build configuration list for PBXNativeTarget "ChargeLimiter" */;
			buildPhases = (
				187886292B51976A00E48B28 /* Sources */,
				1878862A2B51976A00E48B28 /* Frameworks */,
				1878862B2B51976A00E48B28 /* Resources */,
				18161F122B54ED46006C6C0F /* ShellScript */,
			);
			buildRules = (
			);
			dependencies = (
			);
			name = ChargeLimiter;
			productName = ChargeLimiter;
			productReference = 1878862D2B51976A00E48B28 /* ChargeLimiter.app */;
			productType = "com.apple.product-type.application";
		};
/* End PBXNativeTarget section */

/* Begin PBXProject section */
		187886252B51976A00E48B28 /* Project object */ = {
			isa = PBXProject;
			attributes = {
				LastUpgradeCheck = 1170;
				ORGANIZATIONNAME = chaoge;
				TargetAttributes = {
					1878862C2B51976A00E48B28 = {
						CreatedOnToolsVersion = 11.7;
					};
				};
			};
			buildConfigurationList = 187886282B51976A00E48B28 /* Build configuration list for PBXProject "ChargeLimiter" */;
			compatibilityVersion = "Xcode 9.3";
			developmentRegion = en;
			hasScannedForEncodings = 0;
			knownRegions = (
				en,
				Base,
			);
			mainGroup = 187886242B51976A00E48B28;
			productRefGroup = 1878862E2B51976A00E48B28 /* Products */;
			projectDirPath = "";
			projectRoot = "";
			targets = (
				1878862C2B51976A00E48B28 /* ChargeLimiter */,
				184EA9A22B7A373300D0981D /* ChargeLimiter_rootless */,
			);
		};
/* End PBXProject section */

/* Begin PBXResourcesBuildPhase section */
		184EA9AE2B7A373300D0981D /* Resources */ = {
			isa = PBXResourcesBuildPhase;
			buildActionMask = 2147483647;
			files = (
				184EA9AF2B7A373300D0981D /* www in Resources */,
				184EA9B02B7A373300D0981D /* Assets.xcassets in Resources */,
				184EA9B12B7A373300D0981D /* LaunchScreen.storyboard in Resources */,
				184EA9B22B7A373300D0981D /* Main.storyboard in Resources */,
			);
			runOnlyForDeploymentPostprocessing = 0;
		};
		1878862B2B51976A00E48B28 /* Resources */ = {
			isa = PBXResourcesBuildPhase;
			buildActionMask = 2147483647;
			files = (
				18EEB6F82B7BCAA100DCC561 /* splash.png in Resources */,
				1860F2C42B5809510094AAC8 /* www in Resources */,
				1878863D2B51976B00E48B28 /* Assets.xcassets in Resources */,
				187886402B51976B00E48B28 /* LaunchScreen.storyboard in Resources */,
				1878863B2B51976A00E48B28 /* Main.storyboard in Resources */,
			);
			runOnlyForDeploymentPostprocessing = 0;
		};
/* End PBXResourcesBuildPhase section */

/* Begin PBXShellScriptBuildPhase section */
		18161F122B54ED46006C6C0F /* ShellScript */ = {
			isa = PBXShellScriptBuildPhase;
			buildActionMask = 2147483647;
			files = (
			);
			inputFileListPaths = (
			);
			inputPaths = (
			);
			outputFileListPaths = (
			);
			outputPaths = (
			);
			runOnlyForDeploymentPostprocessing = 0;
			shellPath = /bin/sh;
			shellScript = "function build_deb {\n    /opt/MonkeyDev/bin/md --xcbp\n}\n\nfunction build_tipa {\n    $PWD/md-trollstore\n}\n\n#build_tipa\nbuild_deb\n";
		};
		184EA9B32B7A373300D0981D /* ShellScript */ = {
			isa = PBXShellScriptBuildPhase;
			buildActionMask = 2147483647;
			files = (
			);
			inputFileListPaths = (
			);
			inputPaths = (
			);
			outputFileListPaths = (
			);
			outputPaths = (
			);
			runOnlyForDeploymentPostprocessing = 0;
			shellPath = /bin/sh;
			shellScript = "function build_deb {\n    cp -rfp ${CODESIGNING_FOLDER_PATH} ${PROJECT_DIR}/ChargeLimiter_rootless/Package/Applications/\n    /opt/MonkeyDev/bin/md --xcbp\n}\n\nbuild_deb\n";
		};
/* End PBXShellScriptBuildPhase section */

/* Begin PBXSourcesBuildPhase section */
		184EA9A32B7A373300D0981D /* Sources */ = {
			isa = PBXSourcesBuildPhase;
			buildActionMask = 2147483647;
			files = (
				184EA9A42B7A373300D0981D /* main.mm in Sources */,
				184EA9A52B7A373300D0981D /* utils.mm in Sources */,
			);
			runOnlyForDeploymentPostprocessing = 0;
		};
		187886292B51976A00E48B28 /* Sources */ = {
			isa = PBXSourcesBuildPhase;
			buildActionMask = 2147483647;
			files = (
				187886432B51976B00E48B28 /* main.mm in Sources */,
				18C50C662B6D2D5D00793FA9 /* utils.mm in Sources */,
			);
			runOnlyForDeploymentPostprocessing = 0;
		};
/* End PBXSourcesBuildPhase section */

/* Begin PBXVariantGroup section */
		187886392B51976A00E48B28 /* Main.storyboard */ = {
			isa = PBXVariantGroup;
			children = (
				1878863A2B51976A00E48B28 /* Base */,
			);
			name = Main.storyboard;
			sourceTree = "<group>";
		};
		1878863E2B51976B00E48B28 /* LaunchScreen.storyboard */ = {
			isa = PBXVariantGroup;
			children = (
				1878863F2B51976B00E48B28 /* Base */,
			);
			name = LaunchScreen.storyboard;
			sourceTree = "<group>";
		};
/* End PBXVariantGroup section */

/* Begin XCBuildConfiguration section */
		184EA9B52B7A373300D0981D /* Debug */ = {
			isa = XCBuildConfiguration;
			buildSettings = {
				ASSETCATALOG_COMPILER_APPICON_NAME = AppIcon;
				CODE_SIGNING_ALLOWED = NO;
				CODE_SIGN_ENTITLEMENTS = ChargeLimiter/ChargeLimiter.entitlements;
				CODE_SIGN_STYLE = Automatic;
				DEVELOPMENT_TEAM = YZGT4R4484;
				ENABLE_BITCODE = NO;
				HEADER_SEARCH_PATHS = (
					/opt/theos/vendor/include,
					/opt/include,
				);
				INFOPLIST_FILE = ChargeLimiter/Info.plist;
				LD_RUNPATH_SEARCH_PATHS = (
					"$(inherited)",
					"@executable_path/Frameworks",
				);
				LIBRARY_SEARCH_PATHS = (
					"$(inherited)",
					/opt/lib,
					"$(PROJECT_DIR)/ChargeLimiter",
				);
				MARKETING_VERSION = 1.4;
				MonkeyDevBuildPackageOnAnyBuild = YES;
				MonkeyDevDeviceIP = 127.0.0.1;
				MonkeyDevInstallOnAnyBuild = YES;
				MonkeyDevPath = /opt/MonkeyDev;
				MonkeyDevTheosPath = /opt/theos_rootless;
				OTHER_CFLAGS = "-DTHEOS_PACKAGE_INSTALL_PREFIX=\"/var/jb\"";
				PRODUCT_BUNDLE_IDENTIFIER = chaoge.ChargeLimiter;
				PRODUCT_NAME = ChargeLimiter;
				TARGETED_DEVICE_FAMILY = "1,2";
				THEOS_PACKAGE_SCHEME = rootless;
				TROLLSTORE_DEVICE_IP = 192.168.1.7;
				VALID_ARCHS = arm64;
			};
			name = Debug;
		};
		184EA9B62B7A373300D0981D /* Release */ = {
			isa = XCBuildConfiguration;
			buildSettings = {
				ASSETCATALOG_COMPILER_APPICON_NAME = AppIcon;
				CODE_SIGNING_ALLOWED = NO;
				CODE_SIGN_ENTITLEMENTS = ChargeLimiter/ChargeLimiter.entitlements;
				CODE_SIGN_STYLE = Automatic;
				DEVELOPMENT_TEAM = YZGT4R4484;
				ENABLE_BITCODE = NO;
				HEADER_SEARCH_PATHS = (
					/opt/theos/vendor/include,
					/opt/include,
				);
				INFOPLIST_FILE = ChargeLimiter/Info.plist;
				LD_RUNPATH_SEARCH_PATHS = (
					"$(inherited)",
					"@executable_path/Frameworks",
				);
				LIBRARY_SEARCH_PATHS = (
					"$(inherited)",
					/opt/lib,
					"$(PROJECT_DIR)/ChargeLimiter",
				);
				MARKETING_VERSION = 1.4;
				MonkeyDevBuildPackageOnAnyBuild = YES;
				MonkeyDevDeviceIP = 127.0.0.1;
				MonkeyDevInstallOnAnyBuild = YES;
				MonkeyDevPath = /opt/MonkeyDev;
				MonkeyDevTheosPath = /opt/theos_rootless;
				OTHER_CFLAGS = "-DTHEOS_PACKAGE_INSTALL_PREFIX=\"/var/jb\"";
				PRODUCT_BUNDLE_IDENTIFIER = chaoge.ChargeLimiter;
				PRODUCT_NAME = ChargeLimiter;
				TARGETED_DEVICE_FAMILY = "1,2";
				THEOS_PACKAGE_SCHEME = rootless;
				TROLLSTORE_DEVICE_IP = 192.168.1.7;
				VALID_ARCHS = arm64;
			};
			name = Release;
		};
		187886442B51976B00E48B28 /* Debug */ = {
			isa = XCBuildConfiguration;
			buildSettings = {
				ALWAYS_SEARCH_USER_PATHS = NO;
				ARCHS = "$(ARCHS_STANDARD)";
				CLANG_ANALYZER_NONNULL = YES;
				CLANG_ANALYZER_NUMBER_OBJECT_CONVERSION = YES_AGGRESSIVE;
				CLANG_CXX_LANGUAGE_STANDARD = "c++14";
				CLANG_CXX_LIBRARY = "libc++";
				CLANG_ENABLE_MODULES = YES;
				CLANG_ENABLE_OBJC_ARC = YES;
				CLANG_ENABLE_OBJC_WEAK = YES;
				CLANG_WARN_BLOCK_CAPTURE_AUTORELEASING = YES;
				CLANG_WARN_BOOL_CONVERSION = YES;
				CLANG_WARN_COMMA = YES;
				CLANG_WARN_CONSTANT_CONVERSION = YES;
				CLANG_WARN_DEPRECATED_OBJC_IMPLEMENTATIONS = YES;
				CLANG_WARN_DIRECT_OBJC_ISA_USAGE = YES_ERROR;
				CLANG_WARN_DOCUMENTATION_COMMENTS = YES;
				CLANG_WARN_EMPTY_BODY = YES;
				CLANG_WARN_ENUM_CONVERSION = YES;
				CLANG_WARN_INFINITE_RECURSION = YES;
				CLANG_WARN_INT_CONVERSION = YES;
				CLANG_WARN_NON_LITERAL_NULL_CONVERSION = YES;
				CLANG_WARN_OBJC_IMPLICIT_RETAIN_SELF = YES;
				CLANG_WARN_OBJC_LITERAL_CONVERSION = YES;
				CLANG_WARN_OBJC_ROOT_CLASS = YES_ERROR;
				CLANG_WARN_RANGE_LOOP_ANALYSIS = YES;
				CLANG_WARN_STRICT_PROTOTYPES = YES;
				CLANG_WARN_SUSPICIOUS_MOVE = YES;
				CLANG_WARN_UNGUARDED_AVAILABILITY = YES_AGGRESSIVE;
				CLANG_WARN_UNREACHABLE_CODE = YES;
				CLANG_WARN__DUPLICATE_METHOD_MATCH = YES;
				COPY_PHASE_STRIP = NO;
				DEBUG_INFORMATION_FORMAT = dwarf;
				ENABLE_BITCODE = NO;
				ENABLE_STRICT_OBJC_MSGSEND = YES;
				ENABLE_TESTABILITY = YES;
				FRAMEWORK_SEARCH_PATHS = /opt/framework;
				GCC_C_LANGUAGE_STANDARD = gnu11;
				GCC_DYNAMIC_NO_PIC = NO;
				GCC_NO_COMMON_BLOCKS = YES;
				GCC_OPTIMIZATION_LEVEL = 0;
				GCC_PREPROCESSOR_DEFINITIONS = (
					"DEBUG=1",
					"$(inherited)",
				);
				GCC_WARN_64_TO_32_BIT_CONVERSION = YES;
				GCC_WARN_ABOUT_RETURN_TYPE = YES_ERROR;
				GCC_WARN_UNDECLARED_SELECTOR = YES;
				GCC_WARN_UNINITIALIZED_AUTOS = YES_AGGRESSIVE;
				GCC_WARN_UNUSED_FUNCTION = YES;
				GCC_WARN_UNUSED_VARIABLE = YES;
				HEADER_SEARCH_PATHS = (
					/opt/theos/vendor/include,
					/opt/include,
				);
				IPHONEOS_DEPLOYMENT_TARGET = 10.0;
				MTL_ENABLE_DEBUG_INFO = INCLUDE_SOURCE;
				MTL_FAST_MATH = YES;
				ONLY_ACTIVE_ARCH = NO;
				SDKROOT = iphoneos;
				VALID_ARCHS = arm64;
			};
			name = Debug;
		};
		187886452B51976B00E48B28 /* Release */ = {
			isa = XCBuildConfiguration;
			buildSettings = {
				ALWAYS_SEARCH_USER_PATHS = NO;
				ARCHS = "$(ARCHS_STANDARD)";
				CLANG_ANALYZER_NONNULL = YES;
				CLANG_ANALYZER_NUMBER_OBJECT_CONVERSION = YES_AGGRESSIVE;
				CLANG_CXX_LANGUAGE_STANDARD = "c++14";
				CLANG_CXX_LIBRARY = "libc++";
				CLANG_ENABLE_MODULES = YES;
				CLANG_ENABLE_OBJC_ARC = YES;
				CLANG_ENABLE_OBJC_WEAK = YES;
				CLANG_WARN_BLOCK_CAPTURE_AUTORELEASING = YES;
				CLANG_WARN_BOOL_CONVERSION = YES;
				CLANG_WARN_COMMA = YES;
				CLANG_WARN_CONSTANT_CONVERSION = YES;
				CLANG_WARN_DEPRECATED_OBJC_IMPLEMENTATIONS = YES;
				CLANG_WARN_DIRECT_OBJC_ISA_USAGE = YES_ERROR;
				CLANG_WARN_DOCUMENTATION_COMMENTS = YES;
				CLANG_WARN_EMPTY_BODY = YES;
				CLANG_WARN_ENUM_CONVERSION = YES;
				CLANG_WARN_INFINITE_RECURSION = YES;
				CLANG_WARN_INT_CONVERSION = YES;
				CLANG_WARN_NON_LITERAL_NULL_CONVERSION = YES;
				CLANG_WARN_OBJC_IMPLICIT_RETAIN_SELF = YES;
				CLANG_WARN_OBJC_LITERAL_CONVERSION = YES;
				CLANG_WARN_OBJC_ROOT_CLASS = YES_ERROR;
				CLANG_WARN_RANGE_LOOP_ANALYSIS = YES;
				CLANG_WARN_STRICT_PROTOTYPES = YES;
				CLANG_WARN_SUSPICIOUS_MOVE = YES;
				CLANG_WARN_UNGUARDED_AVAILABILITY = YES_AGGRESSIVE;
				CLANG_WARN_UNREACHABLE_CODE = YES;
				CLANG_WARN__DUPLICATE_METHOD_MATCH = YES;
				COPY_PHASE_STRIP = NO;
				DEBUG_INFORMATION_FORMAT = "dwarf-with-dsym";
				ENABLE_BITCODE = NO;
				ENABLE_NS_ASSERTIONS = NO;
				ENABLE_STRICT_OBJC_MSGSEND = YES;
				FRAMEWORK_SEARCH_PATHS = /opt/framework;
				GCC_C_LANGUAGE_STANDARD = gnu11;
				GCC_NO_COMMON_BLOCKS = YES;
				GCC_WARN_64_TO_32_BIT_CONVERSION = YES;
				GCC_WARN_ABOUT_RETURN_TYPE = YES_ERROR;
				GCC_WARN_UNDECLARED_SELECTOR = YES;
				GCC_WARN_UNINITIALIZED_AUTOS = YES_AGGRESSIVE;
				GCC_WARN_UNUSED_FUNCTION = YES;
				GCC_WARN_UNUSED_VARIABLE = YES;
				HEADER_SEARCH_PATHS = (
					/opt/theos/vendor/include,
					/opt/include,
				);
				IPHONEOS_DEPLOYMENT_TARGET = 10.0;
				MTL_ENABLE_DEBUG_INFO = NO;
				MTL_FAST_MATH = YES;
				ONLY_ACTIVE_ARCH = NO;
				SDKROOT = iphoneos;
				VALIDATE_PRODUCT = YES;
				VALID_ARCHS = arm64;
			};
			name = Release;
		};
		187886472B51976B00E48B28 /* Debug */ = {
			isa = XCBuildConfiguration;
			buildSettings = {
				ASSETCATALOG_COMPILER_APPICON_NAME = AppIcon;
				CODE_SIGNING_ALLOWED = NO;
				CODE_SIGN_ENTITLEMENTS = "${TARGET_NAME}/${TARGET_NAME}.entitlements";
				CODE_SIGN_STYLE = Automatic;
				DEVELOPMENT_TEAM = YZGT4R4484;
				ENABLE_BITCODE = NO;
				HEADER_SEARCH_PATHS = (
					/opt/theos/vendor/include,
					/opt/include,
				);
				INFOPLIST_FILE = "${TARGET_NAME}/Info.plist";
				LD_RUNPATH_SEARCH_PATHS = (
					"$(inherited)",
					"@executable_path/Frameworks",
				);
				LIBRARY_SEARCH_PATHS = (
					"$(inherited)",
					/opt/lib,
					"$(PROJECT_DIR)/ChargeLimiter",
				);
				MARKETING_VERSION = 1.4;
				MonkeyDevBuildPackageOnAnyBuild = YES;
				MonkeyDevDeviceIP = 127.0.0.1;
				MonkeyDevInstallOnAnyBuild = YES;
				MonkeyDevPath = /opt/MonkeyDev;
				MonkeyDevTheosPath = /opt/theos;
				PRODUCT_BUNDLE_IDENTIFIER = "chaoge.${TARGET_NAME}";
				PRODUCT_NAME = "$(TARGET_NAME)";
				TARGETED_DEVICE_FAMILY = "1,2";
				TROLLSTORE_DEVICE_IP = 192.168.0.192;
			};
			name = Debug;
		};
		187886482B51976B00E48B28 /* Release */ = {
			isa = XCBuildConfiguration;
			buildSettings = {
				ASSETCATALOG_COMPILER_APPICON_NAME = AppIcon;
				CODE_SIGNING_ALLOWED = NO;
				CODE_SIGN_ENTITLEMENTS = "${TARGET_NAME}/${TARGET_NAME}.entitlements";
				CODE_SIGN_STYLE = Automatic;
				DEVELOPMENT_TEAM = YZGT4R4484;
				ENABLE_BITCODE = NO;
				HEADER_SEARCH_PATHS = (
					/opt/theos/vendor/include,
					/opt/include,
				);
				INFOPLIST_FILE = "${TARGET_NAME}/Info.plist";
				LD_RUNPATH_SEARCH_PATHS = (
					"$(inherited)",
					"@executable_path/Frameworks",
				);
				LIBRARY_SEARCH_PATHS = (
					"$(inherited)",
					/opt/lib,
					"$(PROJECT_DIR)/ChargeLimiter",
				);
				MARKETING_VERSION = 1.4;
				MonkeyDevBuildPackageOnAnyBuild = YES;
				MonkeyDevDeviceIP = 127.0.0.1;
				MonkeyDevInstallOnAnyBuild = YES;
				MonkeyDevPath = /opt/MonkeyDev;
				MonkeyDevTheosPath = /opt/theos;
				PRODUCT_BUNDLE_IDENTIFIER = "chaoge.${TARGET_NAME}";
				PRODUCT_NAME = "$(TARGET_NAME)";
				TARGETED_DEVICE_FAMILY = "1,2";
				TROLLSTORE_DEVICE_IP = 192.168.0.192;
			};
			name = Release;
		};
/* End XCBuildConfiguration section */

/* Begin XCConfigurationList section */
		184EA9B42B7A373300D0981D /* Build configuration list for PBXNativeTarget "ChargeLimiter_rootless" */ = {
			isa = XCConfigurationList;
			buildConfigurations = (
				184EA9B52B7A373300D0981D /* Debug */,
				184EA9B62B7A373300D0981D /* Release */,
			);
			defaultConfigurationIsVisible = 0;
			defaultConfigurationName = Release;
		};
		187886282B51976A00E48B28 /* Build configuration list for PBXProject "ChargeLimiter" */ = {
			isa = XCConfigurationList;
			buildConfigurations = (
				187886442B51976B00E48B28 /* Debug */,
				187886452B51976B00E48B28 /* Release */,
			);
			defaultConfigurationIsVisible = 0;
			defaultConfigurationName = Release;
		};
		187886462B51976B00E48B28 /* Build configuration list for PBXNativeTarget "ChargeLimiter" */ = {
			isa = XCConfigurationList;
			buildConfigurations = (
				187886472B51976B00E48B28 /* Debug */,
				187886482B51976B00E48B28 /* Release */,
			);
			defaultConfigurationIsVisible = 0;
			defaultConfigurationName = Release;
		};
/* End XCConfigurationList section */
	};
	rootObject = 187886252B51976A00E48B28 /* Project object */;
}
